
Microsoft Visual Studio Solution File, Format Version 12.00
# Visual Studio Version 16
VisualStudioVersion = 16.0.30225.117
MinimumVisualStudioVersion = 10.0.40219.1
Project("{FAE04EC0-301F-11D3-BF4B-00C04F79EFBC}") = "Asp-ReactApp", "Asp-ReactApp\Asp-ReactApp.csproj", "{284B9CA1-8F09-4F9A-9B4A-C3A2C52CB8E3}"
EndProject
Global
	GlobalSection(SolutionConfigurationPlatforms) = preSolution
		Debug|Any CPU = Debug|Any CPU
		Release|Any CPU = Release|Any CPU
	EndGlobalSection
	GlobalSection(ProjectConfigurationPlatforms) = postSolution
		{284B9CA1-8F09-4F9A-9B4A-C3A2C52CB8E3}.Debug|Any CPU.ActiveCfg = Debug|Any CPU
		{284B9CA1-8F09-4F9A-9B4A-C3A2C52CB8E3}.Debug|Any CPU.Build.0 = Debug|Any CPU
		{284B9CA1-8F09-4F9A-9B4A-C3A2C52CB8E3}.Release|Any CPU.ActiveCfg = Release|Any CPU
		{284B9CA1-8F09-4F9A-9B4A-C3A2C52CB8E3}.Release|Any CPU.Build.0 = Release|Any CPU
	EndGlobalSection
	GlobalSection(SolutionProperties) = preSolution
		HideSolutionNode = FALSE
	EndGlobalSection
	GlobalSection(ExtensibilityGlobals) = postSolution
		SolutionGuid = {2D0502D9-5F73-45DA-9F3C-7A1F77951323}
	EndGlobalSection
EndGlobal
